
Microsoft Visual Studio Solution File, Format Version 12.00
# Visual Studio Version 17
VisualStudioVersion = 17.13.35919.96 d17.13
MinimumVisualStudioVersion = 10.0.40219.1
Project("{FAE04EC0-301F-11D3-BF4B-00C04F79EFBC}") = "FileService", "FileService\FileService.csproj", "{08E623E1-BF1E-4202-9091-2F7755609EBE}"
EndProject
Project("{FAE04EC0-301F-11D3-BF4B-00C04F79EFBC}") = "FileService.Contracts", "FileService.Contracts\FileService.Contracts.csproj", "{57E45D5E-C882-4DAD-9C0B-234F81726BC4}"
EndProject
Global
	GlobalSection(SolutionConfigurationPlatforms) = preSolution
		Debug|Any CPU = Debug|Any CPU
		Release|Any CPU = Release|Any CPU
	EndGlobalSection
	GlobalSection(ProjectConfigurationPlatforms) = postSolution
		{08E623E1-BF1E-4202-9091-2F7755609EBE}.Debug|Any CPU.ActiveCfg = Debug|Any CPU
		{08E623E1-BF1E-4202-9091-2F7755609EBE}.Debug|Any CPU.Build.0 = Debug|Any CPU
		{08E623E1-BF1E-4202-9091-2F7755609EBE}.Release|Any CPU.ActiveCfg = Release|Any CPU
		{08E623E1-BF1E-4202-9091-2F7755609EBE}.Release|Any CPU.Build.0 = Release|Any CPU
		{57E45D5E-C882-4DAD-9C0B-234F81726BC4}.Debug|Any CPU.ActiveCfg = Debug|Any CPU
		{57E45D5E-C882-4DAD-9C0B-234F81726BC4}.Debug|Any CPU.Build.0 = Debug|Any CPU
		{57E45D5E-C882-4DAD-9C0B-234F81726BC4}.Release|Any CPU.ActiveCfg = Release|Any CPU
		{57E45D5E-C882-4DAD-9C0B-234F81726BC4}.Release|Any CPU.Build.0 = Release|Any CPU
	EndGlobalSection
	GlobalSection(SolutionProperties) = preSolution
		HideSolutionNode = FALSE
	EndGlobalSection
	GlobalSection(ExtensibilityGlobals) = postSolution
		SolutionGuid = {B13C745A-B062-4BD7-A71D-BC2F62122087}
	EndGlobalSection
EndGlobal
