
Microsoft Visual Studio Solution File, Format Version 12.00
# Visual Studio Version 17
VisualStudioVersion = 17.13.35919.96 d17.13
MinimumVisualStudioVersion = 10.0.40219.1
Project("{FAE04EC0-301F-11D3-BF4B-00C04F79EFBC}") = "ASKTech.Core", "ASKTech.Core\ASKTech.Core.csproj", "{0FCABBDE-C530-4F0C-9B15-093F6B876987}"
EndProject
Project("{FAE04EC0-301F-11D3-BF4B-00C04F79EFBC}") = "SharedKernel", "SharedKernel\SharedKernel.csproj", "{4CD9EBE8-5BCA-4835-A19C-D0F1B5E589DD}"
EndProject
Project("{FAE04EC0-301F-11D3-BF4B-00C04F79EFBC}") = "ASKTech.Framework", "ASKTech.Framework\ASKTech.Framework.csproj", "{B19F5BA0-79B2-4363-9C27-1BD8F229FD93}"
EndProject
Global
	GlobalSection(SolutionConfigurationPlatforms) = preSolution
		Debug|Any CPU = Debug|Any CPU
		Release|Any CPU = Release|Any CPU
	EndGlobalSection
	GlobalSection(ProjectConfigurationPlatforms) = postSolution
		{0FCABBDE-C530-4F0C-9B15-093F6B876987}.Debug|Any CPU.ActiveCfg = Debug|Any CPU
		{0FCABBDE-C530-4F0C-9B15-093F6B876987}.Debug|Any CPU.Build.0 = Debug|Any CPU
		{0FCABBDE-C530-4F0C-9B15-093F6B876987}.Release|Any CPU.ActiveCfg = Release|Any CPU
		{0FCABBDE-C530-4F0C-9B15-093F6B876987}.Release|Any CPU.Build.0 = Release|Any CPU
		{4CD9EBE8-5BCA-4835-A19C-D0F1B5E589DD}.Debug|Any CPU.ActiveCfg = Debug|Any CPU
		{4CD9EBE8-5BCA-4835-A19C-D0F1B5E589DD}.Debug|Any CPU.Build.0 = Debug|Any CPU
		{4CD9EBE8-5BCA-4835-A19C-D0F1B5E589DD}.Release|Any CPU.ActiveCfg = Release|Any CPU
		{4CD9EBE8-5BCA-4835-A19C-D0F1B5E589DD}.Release|Any CPU.Build.0 = Release|Any CPU
		{B19F5BA0-79B2-4363-9C27-1BD8F229FD93}.Debug|Any CPU.ActiveCfg = Debug|Any CPU
		{B19F5BA0-79B2-4363-9C27-1BD8F229FD93}.Debug|Any CPU.Build.0 = Debug|Any CPU
		{B19F5BA0-79B2-4363-9C27-1BD8F229FD93}.Release|Any CPU.ActiveCfg = Release|Any CPU
		{B19F5BA0-79B2-4363-9C27-1BD8F229FD93}.Release|Any CPU.Build.0 = Release|Any CPU
	EndGlobalSection
	GlobalSection(SolutionProperties) = preSolution
		HideSolutionNode = FALSE
	EndGlobalSection
	GlobalSection(ExtensibilityGlobals) = postSolution
		SolutionGuid = {801489EF-FEF2-44AE-82D1-72BD6E758267}
	EndGlobalSection
EndGlobal
